github.com/avast/retry-go v3.0.0+incompatible h1:4SOWQ7Qs+oroOTQOYnAHqelpCO0biHSxpiH9JdtuBj0=
github.com/avast/retry-go v3.0.0+incompatible/go.mod h1:XtSnn+n/sHqQIpZ10K1qAevBhOOCWBLXXy3hyiqqBrY=
github.com/aws/aws-sdk-go-v2 v1.39.5 h1:e/SXuia3rkFtapghJROrydtQpfQaaUgd1cUvyO1mp2w=
github.com/aws/aws-sdk-go-v2 v1.39.5/go.mod h1:yWSxrnioGUZ4WVv9TgMrNUeLV3PFESn/v+6T/Su8gnM=
github.com/aws/aws-sdk-go-v2/config v1.31.16 h1:E4Tz+tJiPc7kGnXwIfCyUj6xHJNpENlY11oKpRTgsjc=
github.com/aws/aws-sdk-go-v2/config v1.31.16/go.mod h1:2S9hBElpCyGMifv14WxQ7EfPumgoeCPZUpuPX8VtW34=
github.com/aws/aws-sdk-go-v2/credentials v1.18.20 h1:KFndAnHd9NUuzikHjQ8D5CfFVO+bgELkmcGY8yAw98Q=
github.com/aws/aws-sdk-go-v2/credentials v1.18.20/go.mod h1:9mCi28a+fmBHSQ0UM79omkz6JtN+PEsvLrnG36uoUv0=
github.com/aws/aws-sdk-go-v2/feature/dynamodb/attributevalue v1.20.20 h1:K/D6r3q2zlAKDcj4paV23sUn7hsyofkYY/CmEWsuPkU=
github.com/aws/aws-sdk-go-v2/feature/dynamodb/attributevalue v1.20.20/go.mod h1:FS4rpS6VqRV+w8ISt2Rw6lUdoUoKK9RUGi461ZFtc5k=
github.com/aws/aws-sdk-go-v2/feature/ec2/imds v1.18.12 h1:VO3FIM2TDbm0kqp6sFNR0PbioXJb/HzCDW6NtIZpIWE=
github.com/aws/aws-sdk-go-v2/feature/ec2/imds v1.18.12/go.mod h1:6C39gB8kg82tx3r72muZSrNhHia9rjGkX7ORaS2GKNE=
github.com/aws/aws-sdk-go-v2/internal/configsources v1.4.12 h1:p/9flfXdoAnwJnuW9xHEAFY22R3A6skYkW19JFF9F+8=
github.com/aws/aws-sdk-go-v2/internal/configsources v1.4.12/go.mod h1:ZTLHakoVCTtW8AaLGSwJ3LXqHD9uQKnOcv1TrpO6u2k=
github.com/aws/aws-sdk-go-v2/internal/endpoints/v2 v2.7.12 h1:2lTWFvRcnWFFLzHWmtddu5MTchc5Oj2OOey++99tPZ0=
github.com/aws/aws-sdk-go-v2/internal/endpoints/v2 v2.7.12/go.mod h1:hI92pK+ho8HVcWMHKHrK3Uml4pfG7wvL86FzO0LVtQQ=
github.com/aws/aws-sdk-go-v2/internal/ini v1.8.4 h1:WKuaxf++XKWlHWu9ECbMlha8WOEGm0OUEZqm4K/Gcfk=
github.com/aws/aws-sdk-go-v2/internal/ini v1.8.4/go.mod h1:ZWy7j6v1vWGmPReu0iSGvRiise4YI5SkR3OHKTZ6Wuc=
github.com/aws/aws-sdk-go-v2/service/dynamodb v1.52.3 h1:28+obyib2FhFKASJ6qSPbuteiy0nvvcvfItdAAYure0=
github.com/aws/aws-sdk-go-v2/service/dynamodb v1.52.3/go.mod h1:7EyplKXfbtwOuOShW70orLOWaYPdRKdDiKyACL6+kgk=
github.com/aws/aws-sdk-go-v2/service/dynamodbstreams v1.32.1 h1:ZF3qSBX0asBIiyv86riit6aku9G7pdSLgfAa9e46BX0=
github.com/aws/aws-sdk-go-v2/service/dynamodbstreams v1.32.1/go.mod h1:e/0M0uZTnawVzylqEDY3g4DBwWJ3nViW/kJAYJ2uY4c=
github.com/aws/aws-sdk-go-v2/service/internal/accept-encoding v1.13.2 h1:xtuxji5CS0JknaXoACOunXOYOQzgfTvGAc9s2QdCJA4=
github.com/aws/aws-sdk-go-v2/service/internal/accept-encoding v1.13.2/go.mod h1:zxwi0DIR0rcRcgdbl7E2MSOvxDyyXGBlScvBkARFaLQ=
github.com/aws/aws-sdk-go-v2/service/internal/endpoint-discovery v1.11.12 h1:1W0j7DSEnEKnBF4Sxm/fNEzPBtE9/62GbVN4/H2a9LI=
github.com/aws/aws-sdk-go-v2/service/internal/endpoint-discovery v1.11.12/go.mod h1:/kejjnGxwnSc0MHYNScIX/cXpo43xpL3hBRZLVmDSxE=
github.com/aws/aws-sdk-go-v2/service/internal/presigned-url v1.13.12 h1:MM8imH7NZ0ovIVX7D2RxfMDv7Jt9OiUXkcQ+GqywA7M=
github.com/aws/aws-sdk-go-v2/service/internal/presigned-url v1.13.12/go.mod h1:gf4OGwdNkbEsb7elw2Sy76odfhwNktWII3WgvQgQQ6w=
github.com/aws/aws-sdk-go-v2/service/sso v1.30.0 h1:xHXvxst78wBpJFgDW07xllOx0IAzbryrSdM4nMVQ4Dw=
github.com/aws/aws-sdk-go-v2/service/sso v1.30.0/go.mod h1:/e8m+AO6HNPPqMyfKRtzZ9+mBF5/x1Wk8QiDva4m07I=
github.com/aws/aws-sdk-go-v2/service/ssooidc v1.35.4 h1:tBw2Qhf0kj4ZwtsVpDiVRU3zKLvjvjgIjHMKirxXg8M=
github.com/aws/aws-sdk-go-v2/service/ssooidc v1.35.4/go.mod h1:Deq4B7sRM6Awq/xyOBlxBdgW8/Z926KYNNaGMW2lrkA=
github.com/aws/aws-sdk-go-v2/service/sts v1.39.0 h1:C+BRMnasSYFcgDw8o9H5hzehKzXyAb9GY5v/8bP9DUY=
github.com/aws/aws-sdk-go-v2/service/sts v1.39.0/go.mod h1:4EjU+4mIx6+JqKQkruye+CaigV7alL3thVPfDd9VlMs=
github.com/aws/smithy-go v1.23.1 h1:sLvcH6dfAFwGkHLZ7dGiYF7aK6mg4CgKA/iDKjLDt9M=
github.com/aws/smithy-go v1.23.1/go.mod h1:LEj2LM3rBRQJxPZTB4KuzZkaZYnZPnvgIhb4pu07mx0=
github.com/davecgh/go-spew v1.1.1 h1:vj9j/u1bqnvCEfJOwUhtlOARqs3+rkHYY13jYWTU97c=
github.com/davecgh/go-spew v1.1.1/go.mod h1:J7Y8YcW2NihsgmVo/mv3lAwl/skON4iLHjSsI+c5H38=
github.com/google/go-cmp v0.6.0 h1:ofyhxvXcZhMsU5ulbFiLKl/XBFqE1GSq7atu8tAmTRI=
github.com/google/go-cmp v0.6.0/go.mod h1:17dUlkBOakJ0+DkrSSNjCkIjxS6bF9zb3elmeNGIjoY=
github.com/joho/godotenv v1.5.1 h1:7eLL/+HRGLY0ldzfGMeQkb7vMd0as4CfYvUVzLqw0N0=
github.com/joho/godotenv v1.5.1/go.mod h1:f4LDr5Voq0i2e/R5DDNOoa2zzDfwtkZa6DnEwAbqwq4=
github.com/ovechkin-dm/go-dyno v0.5.3 h1:/MrL26kFTxbLj/qPbEtR4piVeFYUqjSamAgWpuzeD/k=
github.com/ovechkin-dm/go-dyno v0.5.3/go.mod h1:CcJNuo7AbePMoRNpM3i1jC1Rp9kHEMyWozNdWzR+0ys=
github.com/ovechkin-dm/mockio/v2 v2.0.3 h1:GKx12W5ZTaHXEoTbcwi/ruMAohIGQ1BdedYGILv5tTg=
github.com/ovechkin-dm/mockio/v2 v2.0.3/go.mod h1:NIkz06mKOotiaEiZtLgKOWgOPzgx3+6Pqg+x+6blucM=
github.com/petermattis/goid v0.0.0-20250721140440-ea1c0173183e h1:D0bJD+4O3G4izvrQUmzCL80zazlN7EwJ0PPDhpJWC/I=
github.com/petermattis/goid v0.0.0-20250721140440-ea1c0173183e/go.mod h1:pxMtw7cyUw6B2bRH0ZBANSPg+AoSud1I1iyJHI69jH4=
github.com/pmezard/go-difflib v1.0.0 h1:4DBwDE0NGyQoBHbLQYPwSUPoCMWR5BEzIk/f1lZbAQM=
github.com/pmezard/go-difflib v1.0.0/go.mod h1:iKH77koFhYxTK1pcRnkKkqfTogsbg7gZNVY4sRDYZ/4=
github.com/stretchr/testify v1.9.0 h1:HtqpIVDClZ4nwg75+f6Lvsy/wHu+3BoSGCbBAcpTsTg=
github.com/stretchr/testify v1.9.0/go.mod h1:r2ic/lqez/lEtzL7wO/rwa5dbSLXVDPFyf8C91i36aY=
go.uber.org/atomic v1.11.0 h1:ZvwS0R+56ePWxUNi+Atn9dWONBPp/AUETXlHW0DxSjE=
go.uber.org/atomic v1.11.0/go.mod h1:LUxbIzbOniOlMKjJjyPfpl4v+PKK2cNJn91OQbhoJI0=
go.uber.org/mock v0.5.0 h1:KAMbZvZPyBPWgD14IrIQ38QCyjwpvVVV6K/bHl1IwQU=
go.uber.org/mock v0.5.0/go.mod h1:ge71pBPLYDk7QIi1LupWxdAykm7KIEFchiOqd6z7qMM=
gopkg.in/check.v1 v0.0.0-20161208181325-20d25e280405 h1:yhCVgyC4o1eVCa2tZl7eS0r+SDo693bJlVdllGtEeKM=
gopkg.in/check.v1 v0.0.0-20161208181325-20d25e280405/go.mod h1:Co6ibVJAznAaIkqp8huTwlJQCZ016jof/cbN4VW5Yz0=
gopkg.in/yaml.v3 v3.0.1 h1:fxVm/GzAzEWqLHuvctI91KS9hhNmmWOoWu0XTYJS7CA=
gopkg.in/yaml.v3 v3.0.1/go.mod h1:K4uyk7z7BCEPqu6E+C64Yfv1cQ7kz7rIZviUmN+EgEM=
